
Microsoft Visual Studio Solution File, Format Version 12.00
# Visual Studio Version 17
VisualStudioVersion = 17.4.33110.190
MinimumVisualStudioVersion = 10.0.40219.1
Project("{FAE04EC0-301F-11D3-BF4B-00C04F79EFBC}") = "Seminar2RatkoMisic2", "Seminar2RatkoMisic2\Seminar2RatkoMisic2.csproj", "{1F1DEAC5-92D7-4EB1-9618-DE2EA5D74D53}"
EndProject
Global
	GlobalSection(SolutionConfigurationPlatforms) = preSolution
		Debug|Any CPU = Debug|Any CPU
		Release|Any CPU = Release|Any CPU
	EndGlobalSection
	GlobalSection(ProjectConfigurationPlatforms) = postSolution
		{1F1DEAC5-92D7-4EB1-9618-DE2EA5D74D53}.Debug|Any CPU.ActiveCfg = Debug|Any CPU
		{1F1DEAC5-92D7-4EB1-9618-DE2EA5D74D53}.Debug|Any CPU.Build.0 = Debug|Any CPU
		{1F1DEAC5-92D7-4EB1-9618-DE2EA5D74D53}.Release|Any CPU.ActiveCfg = Release|Any CPU
		{1F1DEAC5-92D7-4EB1-9618-DE2EA5D74D53}.Release|Any CPU.Build.0 = Release|Any CPU
	EndGlobalSection
	GlobalSection(SolutionProperties) = preSolution
		HideSolutionNode = FALSE
	EndGlobalSection
	GlobalSection(ExtensibilityGlobals) = postSolution
		SolutionGuid = {AF84813A-F9B5-4FC8-BD90-6A2006C8F5C0}
	EndGlobalSection
EndGlobal
